
Microsoft Visual Studio Solution File, Format Version 12.00
# Visual Studio Version 17
VisualStudioVersion = 17.1.32319.34
MinimumVisualStudioVersion = 10.0.40219.1
Project("{9A19103F-16F7-4668-BE54-9A1E7A4F7556}") = "Source", "Source\Source.csproj", "{F9F0AE9A-C800-4217-B401-7AD07611A994}"
EndProject
Project("{FAE04EC0-301F-11D3-BF4B-00C04F79EFBC}") = "MovieApp", "MovieApp\MovieApp.csproj", "{77787138-F2ED-4ABB-B989-1CD15D8E87D6}"
EndProject
Global
	GlobalSection(SolutionConfigurationPlatforms) = preSolution
		Debug|Any CPU = Debug|Any CPU
		Release|Any CPU = Release|Any CPU
	EndGlobalSection
	GlobalSection(ProjectConfigurationPlatforms) = postSolution
		{F9F0AE9A-C800-4217-B401-7AD07611A994}.Debug|Any CPU.ActiveCfg = Debug|Any CPU
		{F9F0AE9A-C800-4217-B401-7AD07611A994}.Debug|Any CPU.Build.0 = Debug|Any CPU
		{F9F0AE9A-C800-4217-B401-7AD07611A994}.Release|Any CPU.ActiveCfg = Release|Any CPU
		{F9F0AE9A-C800-4217-B401-7AD07611A994}.Release|Any CPU.Build.0 = Release|Any CPU
		{77787138-F2ED-4ABB-B989-1CD15D8E87D6}.Debug|Any CPU.ActiveCfg = Debug|Any CPU
		{77787138-F2ED-4ABB-B989-1CD15D8E87D6}.Debug|Any CPU.Build.0 = Debug|Any CPU
		{77787138-F2ED-4ABB-B989-1CD15D8E87D6}.Release|Any CPU.ActiveCfg = Release|Any CPU
		{77787138-F2ED-4ABB-B989-1CD15D8E87D6}.Release|Any CPU.Build.0 = Release|Any CPU
	EndGlobalSection
	GlobalSection(SolutionProperties) = preSolution
		HideSolutionNode = FALSE
	EndGlobalSection
	GlobalSection(ExtensibilityGlobals) = postSolution
		SolutionGuid = {C46486D2-1CC5-4D6A-88EC-7A5345A58420}
	EndGlobalSection
EndGlobal
